
Microsoft Visual Studio Solution File, Format Version 12.00
# Visual Studio Version 17
VisualStudioVersion = 17.8.34316.72
MinimumVisualStudioVersion = 10.0.40219.1
Project("{FAE04EC0-301F-11D3-BF4B-00C04F79EFBC}") = "PRODUCT1", "PRODUCT1\PRODUCT1.csproj", "{D1A485EA-81AF-4E8B-BDD7-B0295A77A807}"
EndProject
Global
	GlobalSection(SolutionConfigurationPlatforms) = preSolution
		Debug|Any CPU = Debug|Any CPU
		Release|Any CPU = Release|Any CPU
	EndGlobalSection
	GlobalSection(ProjectConfigurationPlatforms) = postSolution
		{D1A485EA-81AF-4E8B-BDD7-B0295A77A807}.Debug|Any CPU.ActiveCfg = Debug|Any CPU
		{D1A485EA-81AF-4E8B-BDD7-B0295A77A807}.Debug|Any CPU.Build.0 = Debug|Any CPU
		{D1A485EA-81AF-4E8B-BDD7-B0295A77A807}.Release|Any CPU.ActiveCfg = Release|Any CPU
		{D1A485EA-81AF-4E8B-BDD7-B0295A77A807}.Release|Any CPU.Build.0 = Release|Any CPU
	EndGlobalSection
	GlobalSection(SolutionProperties) = preSolution
		HideSolutionNode = FALSE
	EndGlobalSection
	GlobalSection(ExtensibilityGlobals) = postSolution
		SolutionGuid = {7C41EB2C-9887-4553-9EB7-0F73EED03BE6}
	EndGlobalSection
EndGlobal
