
Microsoft Visual Studio Solution File, Format Version 12.00
# Visual Studio Version 17
VisualStudioVersion = 17.8.34316.72
MinimumVisualStudioVersion = 10.0.40219.1
Project("{FAE04EC0-301F-11D3-BF4B-00C04F79EFBC}") = "UPDATETB", "UPDATETB\UPDATETB.csproj", "{53886B47-64F8-4BE7-BF0F-5EF7CE285A8D}"
EndProject
Global
	GlobalSection(SolutionConfigurationPlatforms) = preSolution
		Debug|Any CPU = Debug|Any CPU
		Release|Any CPU = Release|Any CPU
	EndGlobalSection
	GlobalSection(ProjectConfigurationPlatforms) = postSolution
		{53886B47-64F8-4BE7-BF0F-5EF7CE285A8D}.Debug|Any CPU.ActiveCfg = Debug|Any CPU
		{53886B47-64F8-4BE7-BF0F-5EF7CE285A8D}.Debug|Any CPU.Build.0 = Debug|Any CPU
		{53886B47-64F8-4BE7-BF0F-5EF7CE285A8D}.Release|Any CPU.ActiveCfg = Release|Any CPU
		{53886B47-64F8-4BE7-BF0F-5EF7CE285A8D}.Release|Any CPU.Build.0 = Release|Any CPU
	EndGlobalSection
	GlobalSection(SolutionProperties) = preSolution
		HideSolutionNode = FALSE
	EndGlobalSection
	GlobalSection(ExtensibilityGlobals) = postSolution
		SolutionGuid = {78EA2CCA-0467-4AF0-BD7C-0FC790C0E74C}
	EndGlobalSection
EndGlobal
